
Microsoft Visual Studio Solution File, Format Version 12.00
# Visual Studio Version 17
VisualStudioVersion = 17.8.34004.107
MinimumVisualStudioVersion = 10.0.40219.1
Project("{FAE04EC0-301F-11D3-BF4B-00C04F79EFBC}") = "ConsoleAppTranslator", "ConsoleAppTranslator.csproj", "{AEFB6B05-98B6-4311-86D5-E0C4F531FD30}"
EndProject
Global
	GlobalSection(SolutionConfigurationPlatforms) = preSolution
		Debug|Any CPU = Debug|Any CPU
		Release|Any CPU = Release|Any CPU
	EndGlobalSection
	GlobalSection(ProjectConfigurationPlatforms) = postSolution
		{AEFB6B05-98B6-4311-86D5-E0C4F531FD30}.Debug|Any CPU.ActiveCfg = Debug|Any CPU
		{AEFB6B05-98B6-4311-86D5-E0C4F531FD30}.Debug|Any CPU.Build.0 = Debug|Any CPU
		{AEFB6B05-98B6-4311-86D5-E0C4F531FD30}.Release|Any CPU.ActiveCfg = Release|Any CPU
		{AEFB6B05-98B6-4311-86D5-E0C4F531FD30}.Release|Any CPU.Build.0 = Release|Any CPU
	EndGlobalSection
	GlobalSection(SolutionProperties) = preSolution
		HideSolutionNode = FALSE
	EndGlobalSection
	GlobalSection(ExtensibilityGlobals) = postSolution
		SolutionGuid = {885E1270-B5BB-43EF-9515-216E94431F61}
	EndGlobalSection
EndGlobal
